PODS:
  - SinchCallingUIKit (0.1.12):
    - SinchRTC
    - SinchService
  - SinchRTC (3.7.1)
  - SinchService (1.0.2):
    - SinchService/SinchHeaders (= 1.0.2)
  - SinchService/SinchHeaders (1.0.2)

DEPENDENCIES:
  - SinchCallingUIKit (from `../`)

EXTERNAL SOURCES:
  SinchCallingUIKit:
    :path: "../"

SPEC CHECKSUMS:
  SinchCallingUIKit: 11abf473029eea23236fc4f05dcd63b2c2c15eba
  SinchRTC: 58b08d88160e514c08a1c03305728349113d5379
  SinchService: 3af981e6b9df04345788ca40a24dcd411eeb58ea

COCOAPODS: 0.38.2
