PODS:
  - SinchCallingUIKit (0.1.13):
    - SinchRTC
    - SinchService
  - SinchRTC (3.7.1)
  - SinchService (1.0.2):
    - SinchService/SinchHeaders (= 1.0.2)
  - SinchService/SinchHeaders (1.0.2)

DEPENDENCIES:
  - SinchCallingUIKit (from `../`)

EXTERNAL SOURCES:
  SinchCallingUIKit:
    :path: "../"

SPEC CHECKSUMS:
  SinchCallingUIKit: a20a274e718077298cb08c9f391685967bf49e1f
  SinchRTC: 58b08d88160e514c08a1c03305728349113d5379
  SinchService: 3af981e6b9df04345788ca40a24dcd411eeb58ea

COCOAPODS: 0.38.2
